
Microsoft Visual Studio Solution File, Format Version 12.00
# Visual Studio Version 17
VisualStudioVersion = 17.5.002.0
MinimumVisualStudioVersion = 10.0.40219.1
Project("{9A19103F-16F7-4668-BE54-9A1E7A4F7556}") = "Function", "employee-api\Function.csproj", "{32D9B28F-B040-4B88-85CA-54B626DD3C3E}"
EndProject
Project("{2150E333-8FDC-42A3-9474-1A3956D46DE8}") = "template", "template", "{724CAF05-B8B8-474B-939E-1683F760E0EC}"
EndProject
Project("{9A19103F-16F7-4668-BE54-9A1E7A4F7556}") = "Root", "template\dotnet8-csharp\Root.csproj", "{AEEBA049-EA11-430F-B755-14865B820852}"
EndProject
Project("{2150E333-8FDC-42A3-9474-1A3956D46DE8}") = "build", "build", "{291B49B4-3218-42A4-B3FE-D9B413468CAD}"
EndProject
Project("{9A19103F-16F7-4668-BE54-9A1E7A4F7556}") = "Root", "build\devices\Root.csproj", "{4BD3BA97-1C62-4495-AB5D-4C56717125AD}"
EndProject
Project("{2150E333-8FDC-42A3-9474-1A3956D46DE8}") = "dotnet8-csharp", "dotnet8-csharp", "{15424C9D-52D9-4557-BF75-C89F8CAB2F7D}"
EndProject
Project("{9A19103F-16F7-4668-BE54-9A1E7A4F7556}") = "Function", "template\dotnet8-csharp\function\Function.csproj", "{14A741F3-2D6E-4F38-8064-1C86622E138C}"
EndProject
Project("{2150E333-8FDC-42A3-9474-1A3956D46DE8}") = "devices", "devices", "{5DECF975-B222-4ED4-A0B0-C48C840F2AF6}"
EndProject
Project("{9A19103F-16F7-4668-BE54-9A1E7A4F7556}") = "Function", "build\devices\function\Function.csproj", "{E1CC348D-E4EA-4CC4-924E-A6DBFA7F8D2A}"
EndProject
Global
	GlobalSection(SolutionConfigurationPlatforms) = preSolution
		Debug|Any CPU = Debug|Any CPU
		Release|Any CPU = Release|Any CPU
	EndGlobalSection
	GlobalSection(ProjectConfigurationPlatforms) = postSolution
		{32D9B28F-B040-4B88-85CA-54B626DD3C3E}.Debug|Any CPU.ActiveCfg = Debug|Any CPU
		{32D9B28F-B040-4B88-85CA-54B626DD3C3E}.Debug|Any CPU.Build.0 = Debug|Any CPU
		{32D9B28F-B040-4B88-85CA-54B626DD3C3E}.Release|Any CPU.ActiveCfg = Release|Any CPU
		{32D9B28F-B040-4B88-85CA-54B626DD3C3E}.Release|Any CPU.Build.0 = Release|Any CPU
		{AEEBA049-EA11-430F-B755-14865B820852}.Debug|Any CPU.ActiveCfg = Debug|Any CPU
		{AEEBA049-EA11-430F-B755-14865B820852}.Debug|Any CPU.Build.0 = Debug|Any CPU
		{AEEBA049-EA11-430F-B755-14865B820852}.Release|Any CPU.ActiveCfg = Release|Any CPU
		{AEEBA049-EA11-430F-B755-14865B820852}.Release|Any CPU.Build.0 = Release|Any CPU
		{4BD3BA97-1C62-4495-AB5D-4C56717125AD}.Debug|Any CPU.ActiveCfg = Debug|Any CPU
		{4BD3BA97-1C62-4495-AB5D-4C56717125AD}.Debug|Any CPU.Build.0 = Debug|Any CPU
		{4BD3BA97-1C62-4495-AB5D-4C56717125AD}.Release|Any CPU.ActiveCfg = Release|Any CPU
		{4BD3BA97-1C62-4495-AB5D-4C56717125AD}.Release|Any CPU.Build.0 = Release|Any CPU
		{14A741F3-2D6E-4F38-8064-1C86622E138C}.Debug|Any CPU.ActiveCfg = Debug|Any CPU
		{14A741F3-2D6E-4F38-8064-1C86622E138C}.Debug|Any CPU.Build.0 = Debug|Any CPU
		{14A741F3-2D6E-4F38-8064-1C86622E138C}.Release|Any CPU.ActiveCfg = Release|Any CPU
		{14A741F3-2D6E-4F38-8064-1C86622E138C}.Release|Any CPU.Build.0 = Release|Any CPU
		{E1CC348D-E4EA-4CC4-924E-A6DBFA7F8D2A}.Debug|Any CPU.ActiveCfg = Debug|Any CPU
		{E1CC348D-E4EA-4CC4-924E-A6DBFA7F8D2A}.Debug|Any CPU.Build.0 = Debug|Any CPU
		{E1CC348D-E4EA-4CC4-924E-A6DBFA7F8D2A}.Release|Any CPU.ActiveCfg = Release|Any CPU
		{E1CC348D-E4EA-4CC4-924E-A6DBFA7F8D2A}.Release|Any CPU.Build.0 = Release|Any CPU
	EndGlobalSection
	GlobalSection(SolutionProperties) = preSolution
		HideSolutionNode = FALSE
	EndGlobalSection
	GlobalSection(NestedProjects) = preSolution
		{AEEBA049-EA11-430F-B755-14865B820852} = {724CAF05-B8B8-474B-939E-1683F760E0EC}
		{4BD3BA97-1C62-4495-AB5D-4C56717125AD} = {291B49B4-3218-42A4-B3FE-D9B413468CAD}
		{15424C9D-52D9-4557-BF75-C89F8CAB2F7D} = {724CAF05-B8B8-474B-939E-1683F760E0EC}
		{14A741F3-2D6E-4F38-8064-1C86622E138C} = {15424C9D-52D9-4557-BF75-C89F8CAB2F7D}
		{5DECF975-B222-4ED4-A0B0-C48C840F2AF6} = {291B49B4-3218-42A4-B3FE-D9B413468CAD}
		{E1CC348D-E4EA-4CC4-924E-A6DBFA7F8D2A} = {5DECF975-B222-4ED4-A0B0-C48C840F2AF6}
	EndGlobalSection
	GlobalSection(ExtensibilityGlobals) = postSolution
		SolutionGuid = {B556A198-2DE0-4A58-8B3C-9B74CDCAFF1E}
	EndGlobalSection
EndGlobal
