
Microsoft Visual Studio Solution File, Format Version 12.00
# Visual Studio Version 17
VisualStudioVersion = 17.5.002.0
MinimumVisualStudioVersion = 10.0.40219.1
Project("{9A19103F-16F7-4668-BE54-9A1E7A4F7556}") = "Function", "devices\Function.csproj", "{95F0A14C-F82E-4EEE-A9CF-153B81905DA2}"
EndProject
Project("{2150E333-8FDC-42A3-9474-1A3956D46DE8}") = "template", "template", "{700B6453-3250-4F76-A9CC-352C5D0A3C3A}"
EndProject
Project("{9A19103F-16F7-4668-BE54-9A1E7A4F7556}") = "Root", "template\dotnet8-csharp\Root.csproj", "{4A7ED0ED-D7C2-4514-87AB-DF109154E0B4}"
EndProject
Project("{2150E333-8FDC-42A3-9474-1A3956D46DE8}") = "dotnet8-csharp", "dotnet8-csharp", "{319827C8-CFCF-4D17-B3FA-B21961D97F1B}"
EndProject
Project("{9A19103F-16F7-4668-BE54-9A1E7A4F7556}") = "Function", "template\dotnet8-csharp\function\Function.csproj", "{450F9568-4B84-4848-91E0-FEF512B669E4}"
EndProject
Global
	GlobalSection(SolutionConfigurationPlatforms) = preSolution
		Debug|Any CPU = Debug|Any CPU
		Release|Any CPU = Release|Any CPU
	EndGlobalSection
	GlobalSection(ProjectConfigurationPlatforms) = postSolution
		{95F0A14C-F82E-4EEE-A9CF-153B81905DA2}.Debug|Any CPU.ActiveCfg = Debug|Any CPU
		{95F0A14C-F82E-4EEE-A9CF-153B81905DA2}.Debug|Any CPU.Build.0 = Debug|Any CPU
		{95F0A14C-F82E-4EEE-A9CF-153B81905DA2}.Release|Any CPU.ActiveCfg = Release|Any CPU
		{95F0A14C-F82E-4EEE-A9CF-153B81905DA2}.Release|Any CPU.Build.0 = Release|Any CPU
		{4A7ED0ED-D7C2-4514-87AB-DF109154E0B4}.Debug|Any CPU.ActiveCfg = Debug|Any CPU
		{4A7ED0ED-D7C2-4514-87AB-DF109154E0B4}.Debug|Any CPU.Build.0 = Debug|Any CPU
		{4A7ED0ED-D7C2-4514-87AB-DF109154E0B4}.Release|Any CPU.ActiveCfg = Release|Any CPU
		{4A7ED0ED-D7C2-4514-87AB-DF109154E0B4}.Release|Any CPU.Build.0 = Release|Any CPU
		{450F9568-4B84-4848-91E0-FEF512B669E4}.Debug|Any CPU.ActiveCfg = Debug|Any CPU
		{450F9568-4B84-4848-91E0-FEF512B669E4}.Debug|Any CPU.Build.0 = Debug|Any CPU
		{450F9568-4B84-4848-91E0-FEF512B669E4}.Release|Any CPU.ActiveCfg = Release|Any CPU
		{450F9568-4B84-4848-91E0-FEF512B669E4}.Release|Any CPU.Build.0 = Release|Any CPU
	EndGlobalSection
	GlobalSection(SolutionProperties) = preSolution
		HideSolutionNode = FALSE
	EndGlobalSection
	GlobalSection(NestedProjects) = preSolution
		{4A7ED0ED-D7C2-4514-87AB-DF109154E0B4} = {700B6453-3250-4F76-A9CC-352C5D0A3C3A}
		{319827C8-CFCF-4D17-B3FA-B21961D97F1B} = {700B6453-3250-4F76-A9CC-352C5D0A3C3A}
		{450F9568-4B84-4848-91E0-FEF512B669E4} = {319827C8-CFCF-4D17-B3FA-B21961D97F1B}
	EndGlobalSection
	GlobalSection(ExtensibilityGlobals) = postSolution
		SolutionGuid = {A2689AC5-FA60-458B-8D2E-C3479975E86C}
	EndGlobalSection
EndGlobal
